// !$*UTF8*$!
{
	archiveVersion = 1;
	classes = {
	};
	objectVersion = 56;
	objects = {

/* Begin PBXBuildFile section */
		94D449172DBF59570077A95A /* NomisoTestApp.swift in Sources */ = {isa = PBXBuildFile; fileRef = 94D449162DBF59570077A95A /* NomisoTestApp.swift */; };
		94D449192DBF59570077A95A /* MoviesView.swift in Sources */ = {isa = PBXBuildFile; fileRef = 94D449182DBF59570077A95A /* MoviesView.swift */; };
		94D4491B2DBF595A0077A95A /* Assets.xcassets in Resources */ = {isa = PBXBuildFile; fileRef = 94D4491A2DBF595A0077A95A /* Assets.xcassets */; };
		94D4491E2DBF595A0077A95A /* Preview Assets.xcassets in Resources */ = {isa = PBXBuildFile; fileRef = 94D4491D2DBF595A0077A95A /* Preview Assets.xcassets */; };
		94D4492A2DBF6F370077A95A /* Constants.swift in Sources */ = {isa = PBXBuildFile; fileRef = 94D449292DBF6F370077A95A /* Constants.swift */; };
		94D4492C2DBF6F4F0077A95A /* NetworkLayer.swift in Sources */ = {isa = PBXBuildFile; fileRef = 94D4492B2DBF6F4F0077A95A /* NetworkLayer.swift */; };
		94D4492E2DBF70E60077A95A /* MoviesModel.swift in Sources */ = {isa = PBXBuildFile; fileRef = 94D4492D2DBF70E60077A95A /* MoviesModel.swift */; };
		94D449302DBF741F0077A95A /* MoviesViewModel.swift in Sources */ = {isa = PBXBuildFile; fileRef = 94D4492F2DBF741F0077A95A /* MoviesViewModel.swift */; };
		94D449332DBF95080077A95A /* MovieDetailView.swift in Sources */ = {isa = PBXBuildFile; fileRef = 94D449322DBF95080077A95A /* MovieDetailView.swift */; };
		94D4493E2DBFA5800077A95A /* NomisoTestTests.swift in Sources */ = {isa = PBXBuildFile; fileRef = 94D4493D2DBFA5800077A95A /* NomisoTestTests.swift */; };
/* End PBXBuildFile section */

/* Begin PBXContainerItemProxy section */
		94D4493F2DBFA5800077A95A /* PBXContainerItemProxy */ = {
			isa = PBXContainerItemProxy;
			containerPortal = 94D4490B2DBF59570077A95A /* Project object */;
			proxyType = 1;
			remoteGlobalIDString = 94D449122DBF59570077A95A;
			remoteInfo = NomisoTest;
		};
/* End PBXContainerItemProxy section */

/* Begin PBXFileReference section */
		94D449132DBF59570077A95A /* NomisoTest.app */ = {isa = PBXFileReference; explicitFileType = wrapper.application; includeInIndex = 0; path = NomisoTest.app; sourceTree = BUILT_PRODUCTS_DIR; };
		94D449162DBF59570077A95A /* NomisoTestApp.swift */ = {isa = PBXFileReference; lastKnownFileType = sourcecode.swift; path = NomisoTestApp.swift; sourceTree = "<group>"; };
		94D449182DBF59570077A95A /* MoviesView.swift */ = {isa = PBXFileReference; lastKnownFileType = sourcecode.swift; path = MoviesView.swift; sourceTree = "<group>"; };
		94D4491A2DBF595A0077A95A /* Assets.xcassets */ = {isa = PBXFileReference; lastKnownFileType = folder.assetcatalog; path = Assets.xcassets; sourceTree = "<group>"; };
		94D4491D2DBF595A0077A95A /* Preview Assets.xcassets */ = {isa = PBXFileReference; lastKnownFileType = folder.assetcatalog; path = "Preview Assets.xcassets"; sourceTree = "<group>"; };
		94D449292DBF6F370077A95A /* Constants.swift */ = {isa = PBXFileReference; lastKnownFileType = sourcecode.swift; path = Constants.swift; sourceTree = "<group>"; };
		94D4492B2DBF6F4F0077A95A /* NetworkLayer.swift */ = {isa = PBXFileReference; lastKnownFileType = sourcecode.swift; path = NetworkLayer.swift; sourceTree = "<group>"; };
		94D4492D2DBF70E60077A95A /* MoviesModel.swift */ = {isa = PBXFileReference; lastKnownFileType = sourcecode.swift; path = MoviesModel.swift; sourceTree = "<group>"; };
		94D4492F2DBF741F0077A95A /* MoviesViewModel.swift */ = {isa = PBXFileReference; lastKnownFileType = sourcecode.swift; path = MoviesViewModel.swift; sourceTree = "<group>"; };
		94D449312DBF940B0077A95A /* Info.plist */ = {isa = PBXFileReference; lastKnownFileType = text.plist; path = Info.plist; sourceTree = "<group>"; };
		94D449322DBF95080077A95A /* MovieDetailView.swift */ = {isa = PBXFileReference; lastKnownFileType = sourcecode.swift; path = MovieDetailView.swift; sourceTree = "<group>"; };
		94D4493B2DBFA5800077A95A /* NomisoTestTests.xctest */ = {isa = PBXFileReference; explicitFileType = wrapper.cfbundle; includeInIndex = 0; path = NomisoTestTests.xctest; sourceTree = BUILT_PRODUCTS_DIR; };
		94D4493D2DBFA5800077A95A /* NomisoTestTests.swift */ = {isa = PBXFileReference; lastKnownFileType = sourcecode.swift; path = NomisoTestTests.swift; sourceTree = "<group>"; };
/* End PBXFileReference section */

/* Begin PBXFrameworksBuildPhase section */
		94D449102DBF59570077A95A /* Frameworks */ = {
			isa = PBXFrameworksBuildPhase;
			buildActionMask = 2147483647;
			files = (
			);
			runOnlyForDeploymentPostprocessing = 0;
		};
		94D449382DBFA5800077A95A /* Frameworks */ = {
			isa = PBXFrameworksBuildPhase;
			buildActionMask = 2147483647;
			files = (
			);
			runOnlyForDeploymentPostprocessing = 0;
		};
/* End PBXFrameworksBuildPhase section */

/* Begin PBXGroup section */
		94D4490A2DBF59560077A95A = {
			isa = PBXGroup;
			children = (
				94D449152DBF59570077A95A /* NomisoTest */,
				94D4493C2DBFA5800077A95A /* NomisoTestTests */,
				94D449142DBF59570077A95A /* Products */,
			);
			sourceTree = "<group>";
		};
		94D449142DBF59570077A95A /* Products */ = {
			isa = PBXGroup;
			children = (
				94D449132DBF59570077A95A /* NomisoTest.app */,
				94D4493B2DBFA5800077A95A /* NomisoTestTests.xctest */,
			);
			name = Products;
			sourceTree = "<group>";
		};
		94D449152DBF59570077A95A /* NomisoTest */ = {
			isa = PBXGroup;
			children = (
				94D449312DBF940B0077A95A /* Info.plist */,
				94D449282DBF6F1A0077A95A /* Constants */,
				94D449272DBF6F0C0077A95A /* NetworkLayer */,
				94D449242DBF6EE90077A95A /* Model */,
				94D449262DBF6EFF0077A95A /* View */,
				94D449252DBF6EF30077A95A /* ViewModel */,
				94D449162DBF59570077A95A /* NomisoTestApp.swift */,
				94D4491A2DBF595A0077A95A /* Assets.xcassets */,
				94D4491C2DBF595A0077A95A /* Preview Content */,
			);
			path = NomisoTest;
			sourceTree = "<group>";
		};
		94D4491C2DBF595A0077A95A /* Preview Content */ = {
			isa = PBXGroup;
			children = (
				94D4491D2DBF595A0077A95A /* Preview Assets.xcassets */,
			);
			path = "Preview Content";
			sourceTree = "<group>";
		};
		94D449242DBF6EE90077A95A /* Model */ = {
			isa = PBXGroup;
			children = (
				94D4492D2DBF70E60077A95A /* MoviesModel.swift */,
			);
			path = Model;
			sourceTree = "<group>";
		};
		94D449252DBF6EF30077A95A /* ViewModel */ = {
			isa = PBXGroup;
			children = (
				94D4492F2DBF741F0077A95A /* MoviesViewModel.swift */,
			);
			path = ViewModel;
			sourceTree = "<group>";
		};
		94D449262DBF6EFF0077A95A /* View */ = {
			isa = PBXGroup;
			children = (
				94D449182DBF59570077A95A /* MoviesView.swift */,
				94D449322DBF95080077A95A /* MovieDetailView.swift */,
			);
			path = View;
			sourceTree = "<group>";
		};
		94D449272DBF6F0C0077A95A /* NetworkLayer */ = {
			isa = PBXGroup;
			children = (
				94D4492B2DBF6F4F0077A95A /* NetworkLayer.swift */,
			);
			path = NetworkLayer;
			sourceTree = "<group>";
		};
		94D449282DBF6F1A0077A95A /* Constants */ = {
			isa = PBXGroup;
			children = (
				94D449292DBF6F370077A95A /* Constants.swift */,
			);
			path = Constants;
			sourceTree = "<group>";
		};
		94D4493C2DBFA5800077A95A /* NomisoTestTests */ = {
			isa = PBXGroup;
			children = (
				94D4493D2DBFA5800077A95A /* NomisoTestTests.swift */,
			);
			path = NomisoTestTests;
			sourceTree = "<group>";
		};
/* End PBXGroup section */

/* Begin PBXNativeTarget section */
		94D449122DBF59570077A95A /* NomisoTest */ = {
			isa = PBXNativeTarget;
			buildConfigurationList = 94D449212DBF595A0077A95A /* Build configuration list for PBXNativeTarget "NomisoTest" */;
			buildPhases = (
				94D4490F2DBF59570077A95A /* Sources */,
				94D449102DBF59570077A95A /* Frameworks */,
				94D449112DBF59570077A95A /* Resources */,
			);
			buildRules = (
			);
			dependencies = (
			);
			name = NomisoTest;
			productName = NomisoTest;
			productReference = 94D449132DBF59570077A95A /* NomisoTest.app */;
			productType = "com.apple.product-type.application";
		};
		94D4493A2DBFA5800077A95A /* NomisoTestTests */ = {
			isa = PBXNativeTarget;
			buildConfigurationList = 94D449412DBFA5800077A95A /* Build configuration list for PBXNativeTarget "NomisoTestTests" */;
			buildPhases = (
				94D449372DBFA5800077A95A /* Sources */,
				94D449382DBFA5800077A95A /* Frameworks */,
				94D449392DBFA5800077A95A /* Resources */,
			);
			buildRules = (
			);
			dependencies = (
				94D449402DBFA5800077A95A /* PBXTargetDependency */,
			);
			name = NomisoTestTests;
			productName = NomisoTestTests;
			productReference = 94D4493B2DBFA5800077A95A /* NomisoTestTests.xctest */;
			productType = "com.apple.product-type.bundle.unit-test";
		};
/* End PBXNativeTarget section */

/* Begin PBXProject section */
		94D4490B2DBF59570077A95A /* Project object */ = {
			isa = PBXProject;
			attributes = {
				BuildIndependentTargetsInParallel = 1;
				LastSwiftUpdateCheck = 1420;
				LastUpgradeCheck = 1420;
				TargetAttributes = {
					94D449122DBF59570077A95A = {
						CreatedOnToolsVersion = 14.2;
					};
					94D4493A2DBFA5800077A95A = {
						CreatedOnToolsVersion = 14.2;
						TestTargetID = 94D449122DBF59570077A95A;
					};
				};
			};
			buildConfigurationList = 94D4490E2DBF59570077A95A /* Build configuration list for PBXProject "NomisoTest" */;
			compatibilityVersion = "Xcode 14.0";
			developmentRegion = en;
			hasScannedForEncodings = 0;
			knownRegions = (
				en,
				Base,
			);
			mainGroup = 94D4490A2DBF59560077A95A;
			productRefGroup = 94D449142DBF59570077A95A /* Products */;
			projectDirPath = "";
			projectRoot = "";
			targets = (
				94D449122DBF59570077A95A /* NomisoTest */,
				94D4493A2DBFA5800077A95A /* NomisoTestTests */,
			);
		};
/* End PBXProject section */

/* Begin PBXResourcesBuildPhase section */
		94D449112DBF59570077A95A /* Resources */ = {
			isa = PBXResourcesBuildPhase;
			buildActionMask = 2147483647;
			files = (
				94D4491E2DBF595A0077A95A /* Preview Assets.xcassets in Resources */,
				94D4491B2DBF595A0077A95A /* Assets.xcassets in Resources */,
			);
			runOnlyForDeploymentPostprocessing = 0;
		};
		94D449392DBFA5800077A95A /* Resources */ = {
			isa = PBXResourcesBuildPhase;
			buildActionMask = 2147483647;
			files = (
			);
			runOnlyForDeploymentPostprocessing = 0;
		};
/* End PBXResourcesBuildPhase section */

/* Begin PBXSourcesBuildPhase section */
		94D4490F2DBF59570077A95A /* Sources */ = {
			isa = PBXSourcesBuildPhase;
			buildActionMask = 2147483647;
			files = (
				94D4492C2DBF6F4F0077A95A /* NetworkLayer.swift in Sources */,
				94D449302DBF741F0077A95A /* MoviesViewModel.swift in Sources */,
				94D449192DBF59570077A95A /* MoviesView.swift in Sources */,
				94D4492E2DBF70E60077A95A /* MoviesModel.swift in Sources */,
				94D449172DBF59570077A95A /* NomisoTestApp.swift in Sources */,
				94D4492A2DBF6F370077A95A /* Constants.swift in Sources */,
				94D449332DBF95080077A95A /* MovieDetailView.swift in Sources */,
			);
			runOnlyForDeploymentPostprocessing = 0;
		};
		94D449372DBFA5800077A95A /* Sources */ = {
			isa = PBXSourcesBuildPhase;
			buildActionMask = 2147483647;
			files = (
				94D4493E2DBFA5800077A95A /* NomisoTestTests.swift in Sources */,
			);
			runOnlyForDeploymentPostprocessing = 0;
		};
/* End PBXSourcesBuildPhase section */

/* Begin PBXTargetDependency section */
		94D449402DBFA5800077A95A /* PBXTargetDependency */ = {
			isa = PBXTargetDependency;
			target = 94D449122DBF59570077A95A /* NomisoTest */;
			targetProxy = 94D4493F2DBFA5800077A95A /* PBXContainerItemProxy */;
		};
/* End PBXTargetDependency section */

/* Begin XCBuildConfiguration section */
		94D4491F2DBF595A0077A95A /* Debug */ = {
			isa = XCBuildConfiguration;
			buildSettings = {
				ALWAYS_SEARCH_USER_PATHS = NO;
				CLANG_ANALYZER_NONNULL = YES;
				CLANG_ANALYZER_NUMBER_OBJECT_CONVERSION = YES_AGGRESSIVE;
				CLANG_CXX_LANGUAGE_STANDARD = "gnu++20";
				CLANG_ENABLE_MODULES = YES;
				CLANG_ENABLE_OBJC_ARC = YES;
				CLANG_ENABLE_OBJC_WEAK = YES;
				CLANG_WARN_BLOCK_CAPTURE_AUTORELEASING = YES;
				CLANG_WARN_BOOL_CONVERSION = YES;
				CLANG_WARN_COMMA = YES;
				CLANG_WARN_CONSTANT_CONVERSION = YES;
				CLANG_WARN_DEPRECATED_OBJC_IMPLEMENTATIONS = YES;
				CLANG_WARN_DIRECT_OBJC_ISA_USAGE = YES_ERROR;
				CLANG_WARN_DOCUMENTATION_COMMENTS = YES;
				CLANG_WARN_EMPTY_BODY = YES;
				CLANG_WARN_ENUM_CONVERSION = YES;
				CLANG_WARN_INFINITE_RECURSION = YES;
				CLANG_WARN_INT_CONVERSION = YES;
				CLANG_WARN_NON_LITERAL_NULL_CONVERSION = YES;
				CLANG_WARN_OBJC_IMPLICIT_RETAIN_SELF = YES;
				CLANG_WARN_OBJC_LITERAL_CONVERSION = YES;
				CLANG_WARN_OBJC_ROOT_CLASS = YES_ERROR;
				CLANG_WARN_QUOTED_INCLUDE_IN_FRAMEWORK_HEADER = YES;
				CLANG_WARN_RANGE_LOOP_ANALYSIS = YES;
				CLANG_WARN_STRICT_PROTOTYPES = YES;
				CLANG_WARN_SUSPICIOUS_MOVE = YES;
				CLANG_WARN_UNGUARDED_AVAILABILITY = YES_AGGRESSIVE;
				CLANG_WARN_UNREACHABLE_CODE = YES;
				CLANG_WARN__DUPLICATE_METHOD_MATCH = YES;
				COPY_PHASE_STRIP = NO;
				DEBUG_INFORMATION_FORMAT = dwarf;
				ENABLE_STRICT_OBJC_MSGSEND = YES;
				ENABLE_TESTABILITY = YES;
				GCC_C_LANGUAGE_STANDARD = gnu11;
				GCC_DYNAMIC_NO_PIC = NO;
				GCC_NO_COMMON_BLOCKS = YES;
				GCC_OPTIMIZATION_LEVEL = 0;
				GCC_PREPROCESSOR_DEFINITIONS = (
					"DEBUG=1",
					"$(inherited)",
				);
				GCC_WARN_64_TO_32_BIT_CONVERSION = YES;
				GCC_WARN_ABOUT_RETURN_TYPE = YES_ERROR;
				GCC_WARN_UNDECLARED_SELECTOR = YES;
				GCC_WARN_UNINITIALIZED_AUTOS = YES_AGGRESSIVE;
				GCC_WARN_UNUSED_FUNCTION = YES;
				GCC_WARN_UNUSED_VARIABLE = YES;
				IPHONEOS_DEPLOYMENT_TARGET = 16.2;
				MTL_ENABLE_DEBUG_INFO = INCLUDE_SOURCE;
				MTL_FAST_MATH = YES;
				ONLY_ACTIVE_ARCH = YES;
				SDKROOT = iphoneos;
				SWIFT_ACTIVE_COMPILATION_CONDITIONS = DEBUG;
				SWIFT_OPTIMIZATION_LEVEL = "-Onone";
			};
			name = Debug;
		};
		94D449202DBF595A0077A95A /* Release */ = {
			isa = XCBuildConfiguration;
			buildSettings = {
				ALWAYS_SEARCH_USER_PATHS = NO;
				CLANG_ANALYZER_NONNULL = YES;
				CLANG_ANALYZER_NUMBER_OBJECT_CONVERSION = YES_AGGRESSIVE;
				CLANG_CXX_LANGUAGE_STANDARD = "gnu++20";
				CLANG_ENABLE_MODULES = YES;
				CLANG_ENABLE_OBJC_ARC = YES;
				CLANG_ENABLE_OBJC_WEAK = YES;
				CLANG_WARN_BLOCK_CAPTURE_AUTORELEASING = YES;
				CLANG_WARN_BOOL_CONVERSION = YES;
				CLANG_WARN_COMMA = YES;
				CLANG_WARN_CONSTANT_CONVERSION = YES;
				CLANG_WARN_DEPRECATED_OBJC_IMPLEMENTATIONS = YES;
				CLANG_WARN_DIRECT_OBJC_ISA_USAGE = YES_ERROR;
				CLANG_WARN_DOCUMENTATION_COMMENTS = YES;
				CLANG_WARN_EMPTY_BODY = YES;
				CLANG_WARN_ENUM_CONVERSION = YES;
				CLANG_WARN_INFINITE_RECURSION = YES;
				CLANG_WARN_INT_CONVERSION = YES;
				CLANG_WARN_NON_LITERAL_NULL_CONVERSION = YES;
				CLANG_WARN_OBJC_IMPLICIT_RETAIN_SELF = YES;
				CLANG_WARN_OBJC_LITERAL_CONVERSION = YES;
				CLANG_WARN_OBJC_ROOT_CLASS = YES_ERROR;
				CLANG_WARN_QUOTED_INCLUDE_IN_FRAMEWORK_HEADER = YES;
				CLANG_WARN_RANGE_LOOP_ANALYSIS = YES;
				CLANG_WARN_STRICT_PROTOTYPES = YES;
				CLANG_WARN_SUSPICIOUS_MOVE = YES;
				CLANG_WARN_UNGUARDED_AVAILABILITY = YES_AGGRESSIVE;
				CLANG_WARN_UNREACHABLE_CODE = YES;
				CLANG_WARN__DUPLICATE_METHOD_MATCH = YES;
				COPY_PHASE_STRIP = NO;
				DEBUG_INFORMATION_FORMAT = "dwarf-with-dsym";
				ENABLE_NS_ASSERTIONS = NO;
				ENABLE_STRICT_OBJC_MSGSEND = YES;
				GCC_C_LANGUAGE_STANDARD = gnu11;
				GCC_NO_COMMON_BLOCKS = YES;
				GCC_WARN_64_TO_32_BIT_CONVERSION = YES;
				GCC_WARN_ABOUT_RETURN_TYPE = YES_ERROR;
				GCC_WARN_UNDECLARED_SELECTOR = YES;
				GCC_WARN_UNINITIALIZED_AUTOS = YES_AGGRESSIVE;
				GCC_WARN_UNUSED_FUNCTION = YES;
				GCC_WARN_UNUSED_VARIABLE = YES;
				IPHONEOS_DEPLOYMENT_TARGET = 16.2;
				MTL_ENABLE_DEBUG_INFO = NO;
				MTL_FAST_MATH = YES;
				SDKROOT = iphoneos;
				SWIFT_COMPILATION_MODE = wholemodule;
				SWIFT_OPTIMIZATION_LEVEL = "-O";
				VALIDATE_PRODUCT = YES;
			};
			name = Release;
		};
		94D449222DBF595A0077A95A /* Debug */ = {
			isa = XCBuildConfiguration;
			buildSettings = {
				ASSETCATALOG_COMPILER_APPICON_NAME = AppIcon;
				ASSETCATALOG_COMPILER_GLOBAL_ACCENT_COLOR_NAME = AccentColor;
				CODE_SIGN_STYLE = Automatic;
				CURRENT_PROJECT_VERSION = 1;
				DEVELOPMENT_ASSET_PATHS = "\"NomisoTest/Preview Content\"";
				DEVELOPMENT_TEAM = JT4S956Z9A;
				ENABLE_PREVIEWS = YES;
				GENERATE_INFOPLIST_FILE = YES;
				INFOPLIST_FILE = NomisoTest/Info.plist;
				INFOPLIST_KEY_UIApplicationSupportsIndirectInputEvents = YES;
				INFOPLIST_KEY_UILaunchScreen_Generation = YES;
				INFOPLIST_KEY_UISupportedInterfaceOrientations_iPad = "UIInterfaceOrientationPortrait UIInterfaceOrientationPortraitUpsideDown UIInterfaceOrientationLandscapeLeft UIInterfaceOrientationLandscapeRight";
				INFOPLIST_KEY_UISupportedInterfaceOrientations_iPhone = "UIInterfaceOrientationPortrait UIInterfaceOrientationLandscapeLeft UIInterfaceOrientationLandscapeRight";
				LD_RUNPATH_SEARCH_PATHS = (
					"$(inherited)",
					"@executable_path/Frameworks",
				);
				MARKETING_VERSION = 1.0;
				PRODUCT_BUNDLE_IDENTIFIER = com.sitaram.NomisoTest;
				PRODUCT_NAME = "$(TARGET_NAME)";
				SWIFT_EMIT_LOC_STRINGS = YES;
				SWIFT_VERSION = 5.0;
				TARGETED_DEVICE_FAMILY = "1,2";
			};
			name = Debug;
		};
		94D449232DBF595A0077A95A /* Release */ = {
			isa = XCBuildConfiguration;
			buildSettings = {
				ASSETCATALOG_COMPILER_APPICON_NAME = AppIcon;
				ASSETCATALOG_COMPILER_GLOBAL_ACCENT_COLOR_NAME = AccentColor;
				CODE_SIGN_STYLE = Automatic;
				CURRENT_PROJECT_VERSION = 1;
				DEVELOPMENT_ASSET_PATHS = "\"NomisoTest/Preview Content\"";
				DEVELOPMENT_TEAM = JT4S956Z9A;
				ENABLE_PREVIEWS = YES;
				GENERATE_INFOPLIST_FILE = YES;
				INFOPLIST_FILE = NomisoTest/Info.plist;
				INFOPLIST_KEY_UIApplicationSupportsIndirectInputEvents = YES;
				INFOPLIST_KEY_UILaunchScreen_Generation = YES;
				INFOPLIST_KEY_UISupportedInterfaceOrientations_iPad = "UIInterfaceOrientationPortrait UIInterfaceOrientationPortraitUpsideDown UIInterfaceOrientationLandscapeLeft UIInterfaceOrientationLandscapeRight";
				INFOPLIST_KEY_UISupportedInterfaceOrientations_iPhone = "UIInterfaceOrientationPortrait UIInterfaceOrientationLandscapeLeft UIInterfaceOrientationLandscapeRight";
				LD_RUNPATH_SEARCH_PATHS = (
					"$(inherited)",
					"@executable_path/Frameworks",
				);
				MARKETING_VERSION = 1.0;
				PRODUCT_BUNDLE_IDENTIFIER = com.sitaram.NomisoTest;
				PRODUCT_NAME = "$(TARGET_NAME)";
				SWIFT_EMIT_LOC_STRINGS = YES;
				SWIFT_VERSION = 5.0;
				TARGETED_DEVICE_FAMILY = "1,2";
			};
			name = Release;
		};
		94D449422DBFA5800077A95A /* Debug */ = {
			isa = XCBuildConfiguration;
			buildSettings = {
				BUNDLE_LOADER = "$(TEST_HOST)";
				CODE_SIGN_STYLE = Automatic;
				CURRENT_PROJECT_VERSION = 1;
				DEVELOPMENT_TEAM = JT4S956Z9A;
				GENERATE_INFOPLIST_FILE = YES;
				MARKETING_VERSION = 1.0;
				PRODUCT_BUNDLE_IDENTIFIER = com.sitaram.NomisoTestTests;
				PRODUCT_NAME = "$(TARGET_NAME)";
				SWIFT_EMIT_LOC_STRINGS = NO;
				SWIFT_VERSION = 5.0;
				TARGETED_DEVICE_FAMILY = "1,2";
				TEST_HOST = "$(BUILT_PRODUCTS_DIR)/NomisoTest.app/$(BUNDLE_EXECUTABLE_FOLDER_PATH)/NomisoTest";
			};
			name = Debug;
		};
		94D449432DBFA5800077A95A /* Release */ = {
			isa = XCBuildConfiguration;
			buildSettings = {
				BUNDLE_LOADER = "$(TEST_HOST)";
				CODE_SIGN_STYLE = Automatic;
				CURRENT_PROJECT_VERSION = 1;
				DEVELOPMENT_TEAM = JT4S956Z9A;
				GENERATE_INFOPLIST_FILE = YES;
				MARKETING_VERSION = 1.0;
				PRODUCT_BUNDLE_IDENTIFIER = com.sitaram.NomisoTestTests;
				PRODUCT_NAME = "$(TARGET_NAME)";
				SWIFT_EMIT_LOC_STRINGS = NO;
				SWIFT_VERSION = 5.0;
				TARGETED_DEVICE_FAMILY = "1,2";
				TEST_HOST = "$(BUILT_PRODUCTS_DIR)/NomisoTest.app/$(BUNDLE_EXECUTABLE_FOLDER_PATH)/NomisoTest";
			};
			name = Release;
		};
/* End XCBuildConfiguration section */

/* Begin XCConfigurationList section */
		94D4490E2DBF59570077A95A /* Build configuration list for PBXProject "NomisoTest" */ = {
			isa = XCConfigurationList;
			buildConfigurations = (
				94D4491F2DBF595A0077A95A /* Debug */,
				94D449202DBF595A0077A95A /* Release */,
			);
			defaultConfigurationIsVisible = 0;
			defaultConfigurationName = Release;
		};
		94D449212DBF595A0077A95A /* Build configuration list for PBXNativeTarget "NomisoTest" */ = {
			isa = XCConfigurationList;
			buildConfigurations = (
				94D449222DBF595A0077A95A /* Debug */,
				94D449232DBF595A0077A95A /* Release */,
			);
			defaultConfigurationIsVisible = 0;
			defaultConfigurationName = Release;
		};
		94D449412DBFA5800077A95A /* Build configuration list for PBXNativeTarget "NomisoTestTests" */ = {
			isa = XCConfigurationList;
			buildConfigurations = (
				94D449422DBFA5800077A95A /* Debug */,
				94D449432DBFA5800077A95A /* Release */,
			);
			defaultConfigurationIsVisible = 0;
			defaultConfigurationName = Release;
		};
/* End XCConfigurationList section */
	};
	rootObject = 94D4490B2DBF59570077A95A /* Project object */;
}
